
Microsoft Visual Studio Solution File, Format Version 12.00
# Visual Studio Version 17
VisualStudioVersion = 17.8.34316.72
MinimumVisualStudioVersion = 10.0.40219.1
Project("{9A19103F-16F7-4668-BE54-9A1E7A4F7556}") = "WebApplication1", "WebApplication1\WebApplication1.csproj", "{4A8DCD6C-E553-4ACD-8EBA-0321E19658D1}"
EndProject
Project("{FAE04EC0-301F-11D3-BF4B-00C04F79EFBC}") = "WebApplication1.Tests", "WebApplication1.Tests\WebApplication1.Tests.csproj", "{6A35067D-02ED-4196-8E8C-B06165F0BB86}"
EndProject
Global
	GlobalSection(SolutionConfigurationPlatforms) = preSolution
		Debug|Any CPU = Debug|Any CPU
		Release|Any CPU = Release|Any CPU
	EndGlobalSection
	GlobalSection(ProjectConfigurationPlatforms) = postSolution
		{4A8DCD6C-E553-4ACD-8EBA-0321E19658D1}.Debug|Any CPU.ActiveCfg = Debug|Any CPU
		{4A8DCD6C-E553-4ACD-8EBA-0321E19658D1}.Debug|Any CPU.Build.0 = Debug|Any CPU
		{4A8DCD6C-E553-4ACD-8EBA-0321E19658D1}.Release|Any CPU.ActiveCfg = Release|Any CPU
		{4A8DCD6C-E553-4ACD-8EBA-0321E19658D1}.Release|Any CPU.Build.0 = Release|Any CPU
		{6A35067D-02ED-4196-8E8C-B06165F0BB86}.Debug|Any CPU.ActiveCfg = Debug|Any CPU
		{6A35067D-02ED-4196-8E8C-B06165F0BB86}.Debug|Any CPU.Build.0 = Debug|Any CPU
		{6A35067D-02ED-4196-8E8C-B06165F0BB86}.Release|Any CPU.ActiveCfg = Release|Any CPU
		{6A35067D-02ED-4196-8E8C-B06165F0BB86}.Release|Any CPU.Build.0 = Release|Any CPU
	EndGlobalSection
	GlobalSection(SolutionProperties) = preSolution
		HideSolutionNode = FALSE
	EndGlobalSection
	GlobalSection(ExtensibilityGlobals) = postSolution
		SolutionGuid = {09B9E39D-035A-4D0F-B7BC-2A7B8681D5A1}
	EndGlobalSection
EndGlobal
